
Microsoft Visual Studio Solution File, Format Version 12.00
# Visual Studio 15
VisualStudioVersion = 15.0.28307.329
MinimumVisualStudioVersion = 10.0.40219.1
Project("{FAE04EC0-301F-11D3-BF4B-00C04F79EFBC}") = "TestMakerFreeWebApp", "TestMakerFreeWebApp\TestMakerFreeWebApp.csproj", "{71C3C86B-33E1-4AFA-9520-FFBE0C189B79}"
EndProject
Global
	GlobalSection(SolutionConfigurationPlatforms) = preSolution
		Debug|Any CPU = Debug|Any CPU
		Release|Any CPU = Release|Any CPU
	EndGlobalSection
	GlobalSection(ProjectConfigurationPlatforms) = postSolution
		{71C3C86B-33E1-4AFA-9520-FFBE0C189B79}.Debug|Any CPU.ActiveCfg = Debug|Any CPU
		{71C3C86B-33E1-4AFA-9520-FFBE0C189B79}.Debug|Any CPU.Build.0 = Debug|Any CPU
		{71C3C86B-33E1-4AFA-9520-FFBE0C189B79}.Release|Any CPU.ActiveCfg = Release|Any CPU
		{71C3C86B-33E1-4AFA-9520-FFBE0C189B79}.Release|Any CPU.Build.0 = Release|Any CPU
	EndGlobalSection
	GlobalSection(SolutionProperties) = preSolution
		HideSolutionNode = FALSE
	EndGlobalSection
	GlobalSection(ExtensibilityGlobals) = postSolution
		SolutionGuid = {DF89410B-4EC3-40C2-A2CC-98D559CC17BA}
	EndGlobalSection
EndGlobal
